// !$*UTF8*$!
{
	archiveVersion = 1;
	classes = {
	};
	objectVersion = 46;
	objects = {

/* Begin PBXBuildFile section */
		8DAE8F4530F573CE4E1A9D80 /* libPods-1024.a in Frameworks */ = {isa = PBXBuildFile; fileRef = BCCD5486F6E8305F9B691125 /* libPods-1024.a */; };
		A11CBD3B1E1CFBCE0090AE89 /* main.m in Sources */ = {isa = PBXBuildFile; fileRef = A11CBD3A1E1CFBCE0090AE89 /* main.m */; };
		A11CBD3E1E1CFBCE0090AE89 /* AppDelegate.m in Sources */ = {isa = PBXBuildFile; fileRef = A11CBD3D1E1CFBCE0090AE89 /* AppDelegate.m */; };
		A11CBD411E1CFBCE0090AE89 /* ViewController.m in Sources */ = {isa = PBXBuildFile; fileRef = A11CBD401E1CFBCE0090AE89 /* ViewController.m */; };
		A11CBD441E1CFBCE0090AE89 /* Main.storyboard in Resources */ = {isa = PBXBuildFile; fileRef = A11CBD421E1CFBCE0090AE89 /* Main.storyboard */; };
		A11CBD461E1CFBCE0090AE89 /* Assets.xcassets in Resources */ = {isa = PBXBuildFile; fileRef = A11CBD451E1CFBCE0090AE89 /* Assets.xcassets */; };
		A11CBD491E1CFBCE0090AE89 /* LaunchScreen.storyboard in Resources */ = {isa = PBXBuildFile; fileRef = A11CBD471E1CFBCE0090AE89 /* LaunchScreen.storyboard */; };
		A11CBD541E1CFBCE0090AE89 /* _024Tests.m in Sources */ = {isa = PBXBuildFile; fileRef = A11CBD531E1CFBCE0090AE89 /* _024Tests.m */; };
		A11CBD5F1E1CFBCE0090AE89 /* _024UITests.m in Sources */ = {isa = PBXBuildFile; fileRef = A11CBD5E1E1CFBCE0090AE89 /* _024UITests.m */; };
		A11CBD751E1E4D5B0090AE89 /* HWViewController.m in Sources */ = {isa = PBXBuildFile; fileRef = A11CBD741E1E4D5B0090AE89 /* HWViewController.m */; };
		A11CBD781E1E4D800090AE89 /* HWWebController.m in Sources */ = {isa = PBXBuildFile; fileRef = A11CBD771E1E4D800090AE89 /* HWWebController.m */; };
		A11CBD7A1E1E4F5F0090AE89 /* WebKit.framework in Frameworks */ = {isa = PBXBuildFile; fileRef = A11CBD791E1E4F5F0090AE89 /* WebKit.framework */; };
		A11CBD901E1F46AE0090AE89 /* JavaScriptCore.framework in Frameworks */ = {isa = PBXBuildFile; fileRef = A11CBD8F1E1F46AE0090AE89 /* JavaScriptCore.framework */; };
		A11CBD921E1F46B40090AE89 /* libz.tbd in Frameworks */ = {isa = PBXBuildFile; fileRef = A11CBD911E1F46B40090AE89 /* libz.tbd */; };
		F94AEAEA1E1E759900C32C09 /* HWInputView.m in Sources */ = {isa = PBXBuildFile; fileRef = F94AEAE91E1E759900C32C09 /* HWInputView.m */; };
/* End PBXBuildFile section */

/* Begin PBXContainerItemProxy section */
		A11CBD501E1CFBCE0090AE89 /* PBXContainerItemProxy */ = {
			isa = PBXContainerItemProxy;
			containerPortal = A11CBD2E1E1CFBCE0090AE89 /* Project object */;
			proxyType = 1;
			remoteGlobalIDString = A11CBD351E1CFBCE0090AE89;
			remoteInfo = 1024;
		};
		A11CBD5B1E1CFBCE0090AE89 /* PBXContainerItemProxy */ = {
			isa = PBXContainerItemProxy;
			containerPortal = A11CBD2E1E1CFBCE0090AE89 /* Project object */;
			proxyType = 1;
			remoteGlobalIDString = A11CBD351E1CFBCE0090AE89;
			remoteInfo = 1024;
		};
/* End PBXContainerItemProxy section */

/* Begin PBXFileReference section */
		A11CBD361E1CFBCE0090AE89 /* 1024.app */ = {isa = PBXFileReference; explicitFileType = wrapper.application; includeInIndex = 0; path = 1024.app; sourceTree = BUILT_PRODUCTS_DIR; };
		A11CBD3A1E1CFBCE0090AE89 /* main.m */ = {isa = PBXFileReference; lastKnownFileType = sourcecode.c.objc; path = main.m; sourceTree = "<group>"; };
		A11CBD3C1E1CFBCE0090AE89 /* AppDelegate.h */ = {isa = PBXFileReference; lastKnownFileType = sourcecode.c.h; path = AppDelegate.h; sourceTree = "<group>"; };
		A11CBD3D1E1CFBCE0090AE89 /* AppDelegate.m */ = {isa = PBXFileReference; lastKnownFileType = sourcecode.c.objc; path = AppDelegate.m; sourceTree = "<group>"; };
		A11CBD3F1E1CFBCE0090AE89 /* ViewController.h */ = {isa = PBXFileReference; lastKnownFileType = sourcecode.c.h; path = ViewController.h; sourceTree = "<group>"; };
		A11CBD401E1CFBCE0090AE89 /* ViewController.m */ = {isa = PBXFileReference; lastKnownFileType = sourcecode.c.objc; path = ViewController.m; sourceTree = "<group>"; };
		A11CBD431E1CFBCE0090AE89 /* Base */ = {isa = PBXFileReference; lastKnownFileType = file.storyboard; name = Base; path = Base.lproj/Main.storyboard; sourceTree = "<group>"; };
		A11CBD451E1CFBCE0090AE89 /* Assets.xcassets */ = {isa = PBXFileReference; lastKnownFileType = folder.assetcatalog; path = Assets.xcassets; sourceTree = "<group>"; };
		A11CBD481E1CFBCE0090AE89 /* Base */ = {isa = PBXFileReference; lastKnownFileType = file.storyboard; name = Base; path = Base.lproj/LaunchScreen.storyboard; sourceTree = "<group>"; };
		A11CBD4A1E1CFBCE0090AE89 /* Info.plist */ = {isa = PBXFileReference; lastKnownFileType = text.plist.xml; path = Info.plist; sourceTree = "<group>"; };
		A11CBD4F1E1CFBCE0090AE89 /* 1024Tests.xctest */ = {isa = PBXFileReference; explicitFileType = wrapper.cfbundle; includeInIndex = 0; path = 1024Tests.xctest; sourceTree = BUILT_PRODUCTS_DIR; };
		A11CBD531E1CFBCE0090AE89 /* _024Tests.m */ = {isa = PBXFileReference; lastKnownFileType = sourcecode.c.objc; path = _024Tests.m; sourceTree = "<group>"; };
		A11CBD551E1CFBCE0090AE89 /* Info.plist */ = {isa = PBXFileReference; lastKnownFileType = text.plist.xml; path = Info.plist; sourceTree = "<group>"; };
		A11CBD5A1E1CFBCE0090AE89 /* 1024UITests.xctest */ = {isa = PBXFileReference; explicitFileType = wrapper.cfbundle; includeInIndex = 0; path = 1024UITests.xctest; sourceTree = BUILT_PRODUCTS_DIR; };
		A11CBD5E1E1CFBCE0090AE89 /* _024UITests.m */ = {isa = PBXFileReference; lastKnownFileType = sourcecode.c.objc; path = _024UITests.m; sourceTree = "<group>"; };
		A11CBD601E1CFBCE0090AE89 /* Info.plist */ = {isa = PBXFileReference; lastKnownFileType = text.plist.xml; path = Info.plist; sourceTree = "<group>"; };
		A11CBD731E1E4D5B0090AE89 /* HWViewController.h */ = {isa = PBXFileReference; fileEncoding = 4; lastKnownFileType = sourcecode.c.h; path = HWViewController.h; sourceTree = "<group>"; };
		A11CBD741E1E4D5B0090AE89 /* HWViewController.m */ = {isa = PBXFileReference; fileEncoding = 4; lastKnownFileType = sourcecode.c.objc; path = HWViewController.m; sourceTree = "<group>"; };
		A11CBD761E1E4D800090AE89 /* HWWebController.h */ = {isa = PBXFileReference; fileEncoding = 4; lastKnownFileType = sourcecode.c.h; path = HWWebController.h; sourceTree = "<group>"; };
		A11CBD771E1E4D800090AE89 /* HWWebController.m */ = {isa = PBXFileReference; fileEncoding = 4; lastKnownFileType = sourcecode.c.objc; path = HWWebController.m; sourceTree = "<group>"; };
		A11CBD791E1E4F5F0090AE89 /* WebKit.framework */ = {isa = PBXFileReference; lastKnownFileType = wrapper.framework; name = WebKit.framework; path = System/Library/Frameworks/WebKit.framework; sourceTree = SDKROOT; };
		A11CBD8F1E1F46AE0090AE89 /* JavaScriptCore.framework */ = {isa = PBXFileReference; lastKnownFileType = wrapper.framework; name = JavaScriptCore.framework; path = System/Library/Frameworks/JavaScriptCore.framework; sourceTree = SDKROOT; };
		A11CBD911E1F46B40090AE89 /* libz.tbd */ = {isa = PBXFileReference; lastKnownFileType = "sourcecode.text-based-dylib-definition"; name = libz.tbd; path = usr/lib/libz.tbd; sourceTree = SDKROOT; };
		B842C363EBB6DC8778E40340 /* Pods-1024.release.xcconfig */ = {isa = PBXFileReference; includeInIndex = 1; lastKnownFileType = text.xcconfig; name = "Pods-1024.release.xcconfig"; path = "Pods/Target Support Files/Pods-1024/Pods-1024.release.xcconfig"; sourceTree = "<group>"; };
		B976587C584597EA7BE06AD4 /* Pods-1024.debug.xcconfig */ = {isa = PBXFileReference; includeInIndex = 1; lastKnownFileType = text.xcconfig; name = "Pods-1024.debug.xcconfig"; path = "Pods/Target Support Files/Pods-1024/Pods-1024.debug.xcconfig"; sourceTree = "<group>"; };
		BCCD5486F6E8305F9B691125 /* libPods-1024.a */ = {isa = PBXFileReference; explicitFileType = archive.ar; includeInIndex = 0; path = "libPods-1024.a"; sourceTree = BUILT_PRODUCTS_DIR; };
		F94AEAE81E1E759900C32C09 /* HWInputView.h */ = {isa = PBXFileReference; fileEncoding = 4; lastKnownFileType = sourcecode.c.h; path = HWInputView.h; sourceTree = "<group>"; };
		F94AEAE91E1E759900C32C09 /* HWInputView.m */ = {isa = PBXFileReference; fileEncoding = 4; lastKnownFileType = sourcecode.c.objc; path = HWInputView.m; sourceTree = "<group>"; };
		F94AEAEB1E1E794500C32C09 /* HWDefines.h */ = {isa = PBXFileReference; lastKnownFileType = sourcecode.c.h; path = HWDefines.h; sourceTree = "<group>"; };
/* End PBXFileReference section */

/* Begin PBXFrameworksBuildPhase section */
		A11CBD331E1CFBCE0090AE89 /* Frameworks */ = {
			isa = PBXFrameworksBuildPhase;
			buildActionMask = 2147483647;
			files = (
				A11CBD921E1F46B40090AE89 /* libz.tbd in Frameworks */,
				A11CBD901E1F46AE0090AE89 /* JavaScriptCore.framework in Frameworks */,
				A11CBD7A1E1E4F5F0090AE89 /* WebKit.framework in Frameworks */,
				8DAE8F4530F573CE4E1A9D80 /* libPods-1024.a in Frameworks */,
			);
			runOnlyForDeploymentPostprocessing = 0;
		};
		A11CBD4C1E1CFBCE0090AE89 /* Frameworks */ = {
			isa = PBXFrameworksBuildPhase;
			buildActionMask = 2147483647;
			files = (
			);
			runOnlyForDeploymentPostprocessing = 0;
		};
		A11CBD571E1CFBCE0090AE89 /* Frameworks */ = {
			isa = PBXFrameworksBuildPhase;
			buildActionMask = 2147483647;
			files = (
			);
			runOnlyForDeploymentPostprocessing = 0;
		};
/* End PBXFrameworksBuildPhase section */

/* Begin PBXGroup section */
		1E1578127B37D1F292A5A078 /* Frameworks */ = {
			isa = PBXGroup;
			children = (
				A11CBD911E1F46B40090AE89 /* libz.tbd */,
				A11CBD8F1E1F46AE0090AE89 /* JavaScriptCore.framework */,
				A11CBD791E1E4F5F0090AE89 /* WebKit.framework */,
				BCCD5486F6E8305F9B691125 /* libPods-1024.a */,
			);
			name = Frameworks;
			sourceTree = "<group>";
		};
		7F34DA548105A9CBCC541626 /* Pods */ = {
			isa = PBXGroup;
			children = (
				B976587C584597EA7BE06AD4 /* Pods-1024.debug.xcconfig */,
				B842C363EBB6DC8778E40340 /* Pods-1024.release.xcconfig */,
			);
			name = Pods;
			sourceTree = "<group>";
		};
		A11CBD2D1E1CFBCE0090AE89 = {
			isa = PBXGroup;
			children = (
				A11CBD381E1CFBCE0090AE89 /* 1024 */,
				A11CBD521E1CFBCE0090AE89 /* 1024Tests */,
				A11CBD5D1E1CFBCE0090AE89 /* 1024UITests */,
				A11CBD371E1CFBCE0090AE89 /* Products */,
				7F34DA548105A9CBCC541626 /* Pods */,
				1E1578127B37D1F292A5A078 /* Frameworks */,
			);
			sourceTree = "<group>";
		};
		A11CBD371E1CFBCE0090AE89 /* Products */ = {
			isa = PBXGroup;
			children = (
				A11CBD361E1CFBCE0090AE89 /* 1024.app */,
				A11CBD4F1E1CFBCE0090AE89 /* 1024Tests.xctest */,
				A11CBD5A1E1CFBCE0090AE89 /* 1024UITests.xctest */,
			);
			name = Products;
			sourceTree = "<group>";
		};
		A11CBD381E1CFBCE0090AE89 /* 1024 */ = {
			isa = PBXGroup;
			children = (
				A11CBD3C1E1CFBCE0090AE89 /* AppDelegate.h */,
				A11CBD3D1E1CFBCE0090AE89 /* AppDelegate.m */,
				A11CBD3F1E1CFBCE0090AE89 /* ViewController.h */,
				A11CBD401E1CFBCE0090AE89 /* ViewController.m */,
				A11CBD421E1CFBCE0090AE89 /* Main.storyboard */,
				A11CBD451E1CFBCE0090AE89 /* Assets.xcassets */,
				A11CBD471E1CFBCE0090AE89 /* LaunchScreen.storyboard */,
				A11CBD4A1E1CFBCE0090AE89 /* Info.plist */,
				A11CBD721E1E4D460090AE89 /* Classes */,
				A11CBD391E1CFBCE0090AE89 /* Supporting Files */,
			);
			path = 1024;
			sourceTree = "<group>";
		};
		A11CBD391E1CFBCE0090AE89 /* Supporting Files */ = {
			isa = PBXGroup;
			children = (
				A11CBD3A1E1CFBCE0090AE89 /* main.m */,
			);
			name = "Supporting Files";
			sourceTree = "<group>";
		};
		A11CBD521E1CFBCE0090AE89 /* 1024Tests */ = {
			isa = PBXGroup;
			children = (
				A11CBD531E1CFBCE0090AE89 /* _024Tests.m */,
				A11CBD551E1CFBCE0090AE89 /* Info.plist */,
			);
			path = 1024Tests;
			sourceTree = "<group>";
		};
		A11CBD5D1E1CFBCE0090AE89 /* 1024UITests */ = {
			isa = PBXGroup;
			children = (
				A11CBD5E1E1CFBCE0090AE89 /* _024UITests.m */,
				A11CBD601E1CFBCE0090AE89 /* Info.plist */,
			);
			path = 1024UITests;
			sourceTree = "<group>";
		};
		A11CBD721E1E4D460090AE89 /* Classes */ = {
			isa = PBXGroup;
			children = (
				F94AEAEB1E1E794500C32C09 /* HWDefines.h */,
				A11CBD731E1E4D5B0090AE89 /* HWViewController.h */,
				A11CBD741E1E4D5B0090AE89 /* HWViewController.m */,
				A11CBD761E1E4D800090AE89 /* HWWebController.h */,
				A11CBD771E1E4D800090AE89 /* HWWebController.m */,
				F94AEAE81E1E759900C32C09 /* HWInputView.h */,
				F94AEAE91E1E759900C32C09 /* HWInputView.m */,
			);
			path = Classes;
			sourceTree = "<group>";
		};
/* End PBXGroup section */

/* Begin PBXNativeTarget section */
		A11CBD351E1CFBCE0090AE89 /* 1024 */ = {
			isa = PBXNativeTarget;
			buildConfigurationList = A11CBD631E1CFBCE0090AE89 /* Build configuration list for PBXNativeTarget "1024" */;
			buildPhases = (
				678A46B17DE49D56CF33B38C /* [CP] Check Pods Manifest.lock */,
				A11CBD321E1CFBCE0090AE89 /* Sources */,
				A11CBD331E1CFBCE0090AE89 /* Frameworks */,
				A11CBD341E1CFBCE0090AE89 /* Resources */,
				FC9DEE150B4D1FA271FBED0A /* [CP] Embed Pods Frameworks */,
				24B2CE080C64CEC6883DBB3A /* [CP] Copy Pods Resources */,
			);
			buildRules = (
			);
			dependencies = (
			);
			name = 1024;
			productName = 1024;
			productReference = A11CBD361E1CFBCE0090AE89 /* 1024.app */;
			productType = "com.apple.product-type.application";
		};
		A11CBD4E1E1CFBCE0090AE89 /* 1024Tests */ = {
			isa = PBXNativeTarget;
			buildConfigurationList = A11CBD661E1CFBCE0090AE89 /* Build configuration list for PBXNativeTarget "1024Tests" */;
			buildPhases = (
				A11CBD4B1E1CFBCE0090AE89 /* Sources */,
				A11CBD4C1E1CFBCE0090AE89 /* Frameworks */,
				A11CBD4D1E1CFBCE0090AE89 /* Resources */,
			);
			buildRules = (
			);
			dependencies = (
				A11CBD511E1CFBCE0090AE89 /* PBXTargetDependency */,
			);
			name = 1024Tests;
			productName = 1024Tests;
			productReference = A11CBD4F1E1CFBCE0090AE89 /* 1024Tests.xctest */;
			productType = "com.apple.product-type.bundle.unit-test";
		};
		A11CBD591E1CFBCE0090AE89 /* 1024UITests */ = {
			isa = PBXNativeTarget;
			buildConfigurationList = A11CBD691E1CFBCE0090AE89 /* Build configuration list for PBXNativeTarget "1024UITests" */;
			buildPhases = (
				A11CBD561E1CFBCE0090AE89 /* Sources */,
				A11CBD571E1CFBCE0090AE89 /* Frameworks */,
				A11CBD581E1CFBCE0090AE89 /* Resources */,
			);
			buildRules = (
			);
			dependencies = (
				A11CBD5C1E1CFBCE0090AE89 /* PBXTargetDependency */,
			);
			name = 1024UITests;
			productName = 1024UITests;
			productReference = A11CBD5A1E1CFBCE0090AE89 /* 1024UITests.xctest */;
			productType = "com.apple.product-type.bundle.ui-testing";
		};
/* End PBXNativeTarget section */

/* Begin PBXProject section */
		A11CBD2E1E1CFBCE0090AE89 /* Project object */ = {
			isa = PBXProject;
			attributes = {
				LastUpgradeCheck = 0730;
				ORGANIZATIONNAME = AndAndyHucom.Andy.1024;
				TargetAttributes = {
					A11CBD351E1CFBCE0090AE89 = {
						CreatedOnToolsVersion = 7.3.1;
					};
					A11CBD4E1E1CFBCE0090AE89 = {
						CreatedOnToolsVersion = 7.3.1;
						TestTargetID = A11CBD351E1CFBCE0090AE89;
					};
					A11CBD591E1CFBCE0090AE89 = {
						CreatedOnToolsVersion = 7.3.1;
						TestTargetID = A11CBD351E1CFBCE0090AE89;
					};
				};
			};
			buildConfigurationList = A11CBD311E1CFBCE0090AE89 /* Build configuration list for PBXProject "1024" */;
			compatibilityVersion = "Xcode 3.2";
			developmentRegion = English;
			hasScannedForEncodings = 0;
			knownRegions = (
				en,
				Base,
			);
			mainGroup = A11CBD2D1E1CFBCE0090AE89;
			productRefGroup = A11CBD371E1CFBCE0090AE89 /* Products */;
			projectDirPath = "";
			projectRoot = "";
			targets = (
				A11CBD351E1CFBCE0090AE89 /* 1024 */,
				A11CBD4E1E1CFBCE0090AE89 /* 1024Tests */,
				A11CBD591E1CFBCE0090AE89 /* 1024UITests */,
			);
		};
/* End PBXProject section */

/* Begin PBXResourcesBuildPhase section */
		A11CBD341E1CFBCE0090AE89 /* Resources */ = {
			isa = PBXResourcesBuildPhase;
			buildActionMask = 2147483647;
			files = (
				A11CBD491E1CFBCE0090AE89 /* LaunchScreen.storyboard in Resources */,
				A11CBD461E1CFBCE0090AE89 /* Assets.xcassets in Resources */,
				A11CBD441E1CFBCE0090AE89 /* Main.storyboard in Resources */,
			);
			runOnlyForDeploymentPostprocessing = 0;
		};
		A11CBD4D1E1CFBCE0090AE89 /* Resources */ = {
			isa = PBXResourcesBuildPhase;
			buildActionMask = 2147483647;
			files = (
			);
			runOnlyForDeploymentPostprocessing = 0;
		};
		A11CBD581E1CFBCE0090AE89 /* Resources */ = {
			isa = PBXResourcesBuildPhase;
			buildActionMask = 2147483647;
			files = (
			);
			runOnlyForDeploymentPostprocessing = 0;
		};
/* End PBXResourcesBuildPhase section */

/* Begin PBXShellScriptBuildPhase section */
		24B2CE080C64CEC6883DBB3A /* [CP] Copy Pods Resources */ = {
			isa = PBXShellScriptBuildPhase;
			buildActionMask = 2147483647;
			files = (
			);
			inputPaths = (
			);
			name = "[CP] Copy Pods Resources";
			outputPaths = (
			);
			runOnlyForDeploymentPostprocessing = 0;
			shellPath = /bin/sh;
			shellScript = "\"${SRCROOT}/Pods/Target Support Files/Pods-1024/Pods-1024-resources.sh\"\n";
			showEnvVarsInLog = 0;
		};
		678A46B17DE49D56CF33B38C /* [CP] Check Pods Manifest.lock */ = {
			isa = PBXShellScriptBuildPhase;
			buildActionMask = 2147483647;
			files = (
			);
			inputPaths = (
			);
			name = "[CP] Check Pods Manifest.lock";
			outputPaths = (
			);
			runOnlyForDeploymentPostprocessing = 0;
			shellPath = /bin/sh;
			shellScript = "diff \"${PODS_ROOT}/../Podfile.lock\" \"${PODS_ROOT}/Manifest.lock\" > /dev/null\nif [ $? != 0 ] ; then\n    # print error to STDERR\n    echo \"error: The sandbox is not in sync with the Podfile.lock. Run 'pod install' or update your CocoaPods installation.\" >&2\n    exit 1\nfi\n";
			showEnvVarsInLog = 0;
		};
		FC9DEE150B4D1FA271FBED0A /* [CP] Embed Pods Frameworks */ = {
			isa = PBXShellScriptBuildPhase;
			buildActionMask = 2147483647;
			files = (
			);
			inputPaths = (
			);
			name = "[CP] Embed Pods Frameworks";
			outputPaths = (
			);
			runOnlyForDeploymentPostprocessing = 0;
			shellPath = /bin/sh;
			shellScript = "\"${SRCROOT}/Pods/Target Support Files/Pods-1024/Pods-1024-frameworks.sh\"\n";
			showEnvVarsInLog = 0;
		};
/* End PBXShellScriptBuildPhase section */

/* Begin PBXSourcesBuildPhase section */
		A11CBD321E1CFBCE0090AE89 /* Sources */ = {
			isa = PBXSourcesBuildPhase;
			buildActionMask = 2147483647;
			files = (
				A11CBD411E1CFBCE0090AE89 /* ViewController.m in Sources */,
				A11CBD3E1E1CFBCE0090AE89 /* AppDelegate.m in Sources */,
				F94AEAEA1E1E759900C32C09 /* HWInputView.m in Sources */,
				A11CBD3B1E1CFBCE0090AE89 /* main.m in Sources */,
				A11CBD781E1E4D800090AE89 /* HWWebController.m in Sources */,
				A11CBD751E1E4D5B0090AE89 /* HWViewController.m in Sources */,
			);
			runOnlyForDeploymentPostprocessing = 0;
		};
		A11CBD4B1E1CFBCE0090AE89 /* Sources */ = {
			isa = PBXSourcesBuildPhase;
			buildActionMask = 2147483647;
			files = (
				A11CBD541E1CFBCE0090AE89 /* _024Tests.m in Sources */,
			);
			runOnlyForDeploymentPostprocessing = 0;
		};
		A11CBD561E1CFBCE0090AE89 /* Sources */ = {
			isa = PBXSourcesBuildPhase;
			buildActionMask = 2147483647;
			files = (
				A11CBD5F1E1CFBCE0090AE89 /* _024UITests.m in Sources */,
			);
			runOnlyForDeploymentPostprocessing = 0;
		};
/* End PBXSourcesBuildPhase section */

/* Begin PBXTargetDependency section */
		A11CBD511E1CFBCE0090AE89 /* PBXTargetDependency */ = {
			isa = PBXTargetDependency;
			target = A11CBD351E1CFBCE0090AE89 /* 1024 */;
			targetProxy = A11CBD501E1CFBCE0090AE89 /* PBXContainerItemProxy */;
		};
		A11CBD5C1E1CFBCE0090AE89 /* PBXTargetDependency */ = {
			isa = PBXTargetDependency;
			target = A11CBD351E1CFBCE0090AE89 /* 1024 */;
			targetProxy = A11CBD5B1E1CFBCE0090AE89 /* PBXContainerItemProxy */;
		};
/* End PBXTargetDependency section */

/* Begin PBXVariantGroup section */
		A11CBD421E1CFBCE0090AE89 /* Main.storyboard */ = {
			isa = PBXVariantGroup;
			children = (
				A11CBD431E1CFBCE0090AE89 /* Base */,
			);
			name = Main.storyboard;
			sourceTree = "<group>";
		};
		A11CBD471E1CFBCE0090AE89 /* LaunchScreen.storyboard */ = {
			isa = PBXVariantGroup;
			children = (
				A11CBD481E1CFBCE0090AE89 /* Base */,
			);
			name = LaunchScreen.storyboard;
			sourceTree = "<group>";
		};
/* End PBXVariantGroup section */

/* Begin XCBuildConfiguration section */
		A11CBD611E1CFBCE0090AE89 /* Debug */ = {
			isa = XCBuildConfiguration;
			buildSettings = {
				ALWAYS_SEARCH_USER_PATHS = NO;
				CLANG_ANALYZER_NONNULL = YES;
				CLANG_CXX_LANGUAGE_STANDARD = "gnu++0x";
				CLANG_CXX_LIBRARY = "libc++";
				CLANG_ENABLE_MODULES = YES;
				CLANG_ENABLE_OBJC_ARC = YES;
				CLANG_WARN_BOOL_CONVERSION = YES;
				CLANG_WARN_CONSTANT_CONVERSION = YES;
				CLANG_WARN_DIRECT_OBJC_ISA_USAGE = YES_ERROR;
				CLANG_WARN_EMPTY_BODY = YES;
				CLANG_WARN_ENUM_CONVERSION = YES;
				CLANG_WARN_INT_CONVERSION = YES;
				CLANG_WARN_OBJC_ROOT_CLASS = YES_ERROR;
				CLANG_WARN_UNREACHABLE_CODE = YES;
				CLANG_WARN__DUPLICATE_METHOD_MATCH = YES;
				"CODE_SIGN_IDENTITY[sdk=iphoneos*]" = "iPhone Developer";
				COPY_PHASE_STRIP = NO;
				DEBUG_INFORMATION_FORMAT = dwarf;
				ENABLE_STRICT_OBJC_MSGSEND = YES;
				ENABLE_TESTABILITY = YES;
				GCC_C_LANGUAGE_STANDARD = gnu99;
				GCC_DYNAMIC_NO_PIC = NO;
				GCC_NO_COMMON_BLOCKS = YES;
				GCC_OPTIMIZATION_LEVEL = 0;
				GCC_PREPROCESSOR_DEFINITIONS = (
					"DEBUG=1",
					"$(inherited)",
				);
				GCC_WARN_64_TO_32_BIT_CONVERSION = YES;
				GCC_WARN_ABOUT_RETURN_TYPE = YES_ERROR;
				GCC_WARN_UNDECLARED_SELECTOR = YES;
				GCC_WARN_UNINITIALIZED_AUTOS = YES_AGGRESSIVE;
				GCC_WARN_UNUSED_FUNCTION = YES;
				GCC_WARN_UNUSED_VARIABLE = YES;
				IPHONEOS_DEPLOYMENT_TARGET = 9.3;
				MTL_ENABLE_DEBUG_INFO = YES;
				ONLY_ACTIVE_ARCH = YES;
				SDKROOT = iphoneos;
				TARGETED_DEVICE_FAMILY = "1,2";
			};
			name = Debug;
		};
		A11CBD621E1CFBCE0090AE89 /* Release */ = {
			isa = XCBuildConfiguration;
			buildSettings = {
				ALWAYS_SEARCH_USER_PATHS = NO;
				CLANG_ANALYZER_NONNULL = YES;
				CLANG_CXX_LANGUAGE_STANDARD = "gnu++0x";
				CLANG_CXX_LIBRARY = "libc++";
				CLANG_ENABLE_MODULES = YES;
				CLANG_ENABLE_OBJC_ARC = YES;
				CLANG_WARN_BOOL_CONVERSION = YES;
				CLANG_WARN_CONSTANT_CONVERSION = YES;
				CLANG_WARN_DIRECT_OBJC_ISA_USAGE = YES_ERROR;
				CLANG_WARN_EMPTY_BODY = YES;
				CLANG_WARN_ENUM_CONVERSION = YES;
				CLANG_WARN_INT_CONVERSION = YES;
				CLANG_WARN_OBJC_ROOT_CLASS = YES_ERROR;
				CLANG_WARN_UNREACHABLE_CODE = YES;
				CLANG_WARN__DUPLICATE_METHOD_MATCH = YES;
				"CODE_SIGN_IDENTITY[sdk=iphoneos*]" = "iPhone Developer";
				COPY_PHASE_STRIP = NO;
				DEBUG_INFORMATION_FORMAT = "dwarf-with-dsym";
				ENABLE_NS_ASSERTIONS = NO;
				ENABLE_STRICT_OBJC_MSGSEND = YES;
				GCC_C_LANGUAGE_STANDARD = gnu99;
				GCC_NO_COMMON_BLOCKS = YES;
				GCC_WARN_64_TO_32_BIT_CONVERSION = YES;
				GCC_WARN_ABOUT_RETURN_TYPE = YES_ERROR;
				GCC_WARN_UNDECLARED_SELECTOR = YES;
				GCC_WARN_UNINITIALIZED_AUTOS = YES_AGGRESSIVE;
				GCC_WARN_UNUSED_FUNCTION = YES;
				GCC_WARN_UNUSED_VARIABLE = YES;
				IPHONEOS_DEPLOYMENT_TARGET = 9.3;
				MTL_ENABLE_DEBUG_INFO = NO;
				SDKROOT = iphoneos;
				TARGETED_DEVICE_FAMILY = "1,2";
				VALIDATE_PRODUCT = YES;
			};
			name = Release;
		};
		A11CBD641E1CFBCE0090AE89 /* Debug */ = {
			isa = XCBuildConfiguration;
			baseConfigurationReference = B976587C584597EA7BE06AD4 /* Pods-1024.debug.xcconfig */;
			buildSettings = {
				ASSETCATALOG_COMPILER_APPICON_NAME = AppIcon;
				INFOPLIST_FILE = 1024/Info.plist;
				LD_RUNPATH_SEARCH_PATHS = "$(inherited) @executable_path/Frameworks";
				PRODUCT_BUNDLE_IDENTIFIER = "Andy.-024";
				PRODUCT_NAME = "$(TARGET_NAME)";
			};
			name = Debug;
		};
		A11CBD651E1CFBCE0090AE89 /* Release */ = {
			isa = XCBuildConfiguration;
			baseConfigurationReference = B842C363EBB6DC8778E40340 /* Pods-1024.release.xcconfig */;
			buildSettings = {
				ASSETCATALOG_COMPILER_APPICON_NAME = AppIcon;
				INFOPLIST_FILE = 1024/Info.plist;
				LD_RUNPATH_SEARCH_PATHS = "$(inherited) @executable_path/Frameworks";
				PRODUCT_BUNDLE_IDENTIFIER = "Andy.-024";
				PRODUCT_NAME = "$(TARGET_NAME)";
			};
			name = Release;
		};
		A11CBD671E1CFBCE0090AE89 /* Debug */ = {
			isa = XCBuildConfiguration;
			buildSettings = {
				BUNDLE_LOADER = "$(TEST_HOST)";
				INFOPLIST_FILE = 1024Tests/Info.plist;
				LD_RUNPATH_SEARCH_PATHS = "$(inherited) @executable_path/Frameworks @loader_path/Frameworks";
				PRODUCT_BUNDLE_IDENTIFIER = "Andy.-024Tests";
				PRODUCT_NAME = "$(TARGET_NAME)";
				TEST_HOST = "$(BUILT_PRODUCTS_DIR)/1024.app/1024";
			};
			name = Debug;
		};
		A11CBD681E1CFBCE0090AE89 /* Release */ = {
			isa = XCBuildConfiguration;
			buildSettings = {
				BUNDLE_LOADER = "$(TEST_HOST)";
				INFOPLIST_FILE = 1024Tests/Info.plist;
				LD_RUNPATH_SEARCH_PATHS = "$(inherited) @executable_path/Frameworks @loader_path/Frameworks";
				PRODUCT_BUNDLE_IDENTIFIER = "Andy.-024Tests";
				PRODUCT_NAME = "$(TARGET_NAME)";
				TEST_HOST = "$(BUILT_PRODUCTS_DIR)/1024.app/1024";
			};
			name = Release;
		};
		A11CBD6A1E1CFBCE0090AE89 /* Debug */ = {
			isa = XCBuildConfiguration;
			buildSettings = {
				INFOPLIST_FILE = 1024UITests/Info.plist;
				LD_RUNPATH_SEARCH_PATHS = "$(inherited) @executable_path/Frameworks @loader_path/Frameworks";
				PRODUCT_BUNDLE_IDENTIFIER = "Andy.-024UITests";
				PRODUCT_NAME = "$(TARGET_NAME)";
				TEST_TARGET_NAME = 1024;
			};
			name = Debug;
		};
		A11CBD6B1E1CFBCE0090AE89 /* Release */ = {
			isa = XCBuildConfiguration;
			buildSettings = {
				INFOPLIST_FILE = 1024UITests/Info.plist;
				LD_RUNPATH_SEARCH_PATHS = "$(inherited) @executable_path/Frameworks @loader_path/Frameworks";
				PRODUCT_BUNDLE_IDENTIFIER = "Andy.-024UITests";
				PRODUCT_NAME = "$(TARGET_NAME)";
				TEST_TARGET_NAME = 1024;
			};
			name = Release;
		};
/* End XCBuildConfiguration section */

/* Begin XCConfigurationList section */
		A11CBD311E1CFBCE0090AE89 /* Build configuration list for PBXProject "1024" */ = {
			isa = XCConfigurationList;
			buildConfigurations = (
				A11CBD611E1CFBCE0090AE89 /* Debug */,
				A11CBD621E1CFBCE0090AE89 /* Release */,
			);
			defaultConfigurationIsVisible = 0;
			defaultConfigurationName = Release;
		};
		A11CBD631E1CFBCE0090AE89 /* Build configuration list for PBXNativeTarget "1024" */ = {
			isa = XCConfigurationList;
			buildConfigurations = (
				A11CBD641E1CFBCE0090AE89 /* Debug */,
				A11CBD651E1CFBCE0090AE89 /* Release */,
			);
			defaultConfigurationIsVisible = 0;
			defaultConfigurationName = Release;
		};
		A11CBD661E1CFBCE0090AE89 /* Build configuration list for PBXNativeTarget "1024Tests" */ = {
			isa = XCConfigurationList;
			buildConfigurations = (
				A11CBD671E1CFBCE0090AE89 /* Debug */,
				A11CBD681E1CFBCE0090AE89 /* Release */,
			);
			defaultConfigurationIsVisible = 0;
			defaultConfigurationName = Release;
		};
		A11CBD691E1CFBCE0090AE89 /* Build configuration list for PBXNativeTarget "1024UITests" */ = {
			isa = XCConfigurationList;
			buildConfigurations = (
				A11CBD6A1E1CFBCE0090AE89 /* Debug */,
				A11CBD6B1E1CFBCE0090AE89 /* Release */,
			);
			defaultConfigurationIsVisible = 0;
			defaultConfigurationName = Release;
		};
/* End XCConfigurationList section */
	};
	rootObject = A11CBD2E1E1CFBCE0090AE89 /* Project object */;
}
